
Microsoft Visual Studio Solution File, Format Version 12.00
# Visual Studio Version 17
VisualStudioVersion = 17.0.32126.317
MinimumVisualStudioVersion = 10.0.40219.1
Project("{FAE04EC0-301F-11D3-BF4B-00C04F79EFBC}") = "HenshinMechanoidArmor", "HenshinMechanoidArmor.csproj", "{337D170C-C5E2-49A0-AA40-A6BFF55D1920}"
EndProject
Global
	GlobalSection(SolutionConfigurationPlatforms) = preSolution
		Debug|Any CPU = Debug|Any CPU
		Release|Any CPU = Release|Any CPU
	EndGlobalSection
	GlobalSection(ProjectConfigurationPlatforms) = postSolution
		{337D170C-C5E2-49A0-AA40-A6BFF55D1920}.Debug|Any CPU.ActiveCfg = Debug|Any CPU
		{337D170C-C5E2-49A0-AA40-A6BFF55D1920}.Debug|Any CPU.Build.0 = Debug|Any CPU
		{337D170C-C5E2-49A0-AA40-A6BFF55D1920}.Release|Any CPU.ActiveCfg = Release|Any CPU
		{337D170C-C5E2-49A0-AA40-A6BFF55D1920}.Release|Any CPU.Build.0 = Release|Any CPU
	EndGlobalSection
	GlobalSection(SolutionProperties) = preSolution
		HideSolutionNode = FALSE
	EndGlobalSection
	GlobalSection(ExtensibilityGlobals) = postSolution
		SolutionGuid = {C6C38326-DAA0-426F-8C46-B7A07813986A}
	EndGlobalSection
EndGlobal
